{
    "requires": true,
    "lockfileVersion": 1,
    "dependencies": {
        "vue": {
            "version": "2.6.11",
            "resolved": "https://registry.npmjs.org/vue/-/vue-2.6.11.tgz",
            "integrity": "sha512-VfPwgcGABbGAue9+sfrD4PuwFar7gPb1yl1UK1MwXoQPAw0BKSqWfoYCT/ThFrdEVWoI51dBuyCoiNU9bZDZxQ=="
        },
        "vuw": {
            "version": "1.0.0",
            "resolved": "https://registry.npmjs.org/vuw/-/vuw-1.0.0.tgz",
            "integrity": "sha512-sZH5uAzEgXfV0PKPTHHRCZSsVktcCPNAy6/CxTANAbJZv+Du7vChY0VXGlBv68BiZmkduwYXMXbV5np0DpxObQ=="
        }
    }
}
